{
  "originHash" : "964bcf3422f8122ef2e775e53c420b80dbb25499b6593f304629d6472689dc05",
  "pins" : [
    {
      "identity" : "fp-swift",
      "kind" : "remoteSourceControl",
      "location" : "https://github.com/velocityzen/fp-swift",
      "state" : {
        "revision" : "35b1e96945e07825ae1a8e8e11b3c9ef934c0813",
        "version" : "2.1.0"
      }
    }
  ],
  "version" : 3
}
